{
    "_readme": [
        "This file locks the dependencies of your project to a known state",
        "Read more about it at https://getcomposer.org/doc/01-basic-usage.md#composer-lock-the-lock-file",
        "This file is @generated automatically"
    ],
    "content-hash": "98d3fb8a08dfd22c40b54791db656227",
    "packages": [
        {
            "name": "colinmollenhour/credis",
            "version": "1.10.1",
            "source": {
                "type": "git",
                "url": "https://github.com/colinmollenhour/credis.git",
                "reference": "c1cab895f2331a1877738b282d0d8b1ff6d4c92d"
            },
            "dist": {
                "type": "zip",
                "url": "https://api.github.com/repos/colinmollenhour/credis/zipball/c1cab895f2331a1877738b282d0d8b1ff6d4c92d",
                "reference": "c1cab895f2331a1877738b282d0d8b1ff6d4c92d",
                "shasum": ""
            },
            "require": {
                "php": ">=5.4.0"
            },
            "type": "library",
            "autoload": {
                "classmap": [
                    "Client.php",
                    "Cluster.php",
                    "Sentinel.php",
                    "Module.php"
                ]
            },
            "notification-url": "https://packagist.org/downloads/",
            "license": [
                "MIT"
            ],
            "authors": [
                {
                    "name": "Colin Mollenhour",
                    "email": "colin@mollenhour.com"
                }
            ],
            "description": "Credis is a lightweight interface to the Redis key-value store which wraps the phpredis library when available for better performance.",
            "homepage": "https://github.com/colinmollenhour/credis",
            "time": "2019-03-05T16:29:14+00:00"
        },
        {
            "name": "psr/log",
            "version": "1.1.0",
            "source": {
                "type": "git",
                "url": "https://github.com/php-fig/log.git",
                "reference": "6c001f1daafa3a3ac1d8ff69ee4db8e799a654dd"
            },
            "dist": {
                "type": "zip",
                "url": "https://api.github.com/repos/php-fig/log/zipball/6c001f1daafa3a3ac1d8ff69ee4db8e799a654dd",
                "reference": "6c001f1daafa3a3ac1d8ff69ee4db8e799a654dd",
                "shasum": ""
            },
            "require": {
                "php": ">=5.3.0"
            },
            "type": "library",
            "extra": {
                "branch-alias": {
                    "dev-master": "1.0.x-dev"
                }
            },
            "autoload": {
                "psr-4": {
                    "Psr\\Log\\": "Psr/Log/"
                }
            },
            "notification-url": "https://packagist.org/downloads/",
            "license": [
                "MIT"
            ],
            "authors": [
                {
                    "name": "PHP-FIG",
                    "homepage": "http://www.php-fig.org/"
                }
            ],
            "description": "Common interface for logging libraries",
            "homepage": "https://github.com/php-fig/log",
            "keywords": [
                "log",
                "psr",
                "psr-3"
            ],
            "time": "2018-11-20T15:27:04+00:00"
        },
        {
            "name": "resque/php-resque",
            "version": "v1.3.3",
            "source": {
                "type": "git",
                "url": "https://github.com/resque/php-resque.git",
                "reference": "0e1f21ed74c611df340c30929f99923bac418aa8"
            },
            "dist": {
                "type": "zip",
                "url": "https://api.github.com/repos/resque/php-resque/zipball/0e1f21ed74c611df340c30929f99923bac418aa8",
                "reference": "0e1f21ed74c611df340c30929f99923bac418aa8",
                "shasum": ""
            },
            "require": {
                "colinmollenhour/credis": "~1.7",
                "ext-pcntl": "*",
                "php": ">=5.3.0",
                "psr/log": "~1.0"
            },
            "require-dev": {
                "phpunit/phpunit": "3.7.*"
            },
            "suggest": {
                "ext-proctitle": "Allows php-resque to rename the title of UNIX processes to show the status of a worker.",
                "ext-redis": "Native PHP extension for Redis connectivity. Credis will automatically utilize when available."
            },
            "bin": [
                "bin/resque"
            ],
            "type": "library",
            "autoload": {
                "psr-0": {
                    "Resque": "lib"
                }
            },
            "notification-url": "https://packagist.org/downloads/",
            "license": [
                "MIT"
            ],
            "authors": [
                {
                    "name": "Chris Boulton",
                    "email": "chris@bigcommerce.com"
                }
            ],
            "description": "Redis backed library for creating background jobs and processing them later. Based on resque for Ruby.",
            "homepage": "http://www.github.com/chrisboulton/php-resque/",
            "keywords": [
                "background",
                "job",
                "redis",
                "resque"
            ],
            "time": "2018-12-02T00:59:50+00:00"
        }
    ],
    "packages-dev": [],
    "aliases": [],
    "minimum-stability": "stable",
    "stability-flags": [],
    "prefer-stable": false,
    "prefer-lowest": false,
    "platform": [],
    "platform-dev": []
}
